
Microsoft Visual Studio Solution File, Format Version 12.00
# Visual Studio Version 17
VisualStudioVersion = 17.6.33620.401
MinimumVisualStudioVersion = 10.0.40219.1
Project("{FAE04EC0-301F-11D3-BF4B-00C04F79EFBC}") = "assignment-1", "assignment-1\assignment-1.csproj", "{7D53F656-9290-4A5A-BC5D-3822987BAC70}"
EndProject
Global
	GlobalSection(SolutionConfigurationPlatforms) = preSolution
		Debug|Any CPU = Debug|Any CPU
		Release|Any CPU = Release|Any CPU
	EndGlobalSection
	GlobalSection(ProjectConfigurationPlatforms) = postSolution
		{7D53F656-9290-4A5A-BC5D-3822987BAC70}.Debug|Any CPU.ActiveCfg = Debug|Any CPU
		{7D53F656-9290-4A5A-BC5D-3822987BAC70}.Debug|Any CPU.Build.0 = Debug|Any CPU
		{7D53F656-9290-4A5A-BC5D-3822987BAC70}.Release|Any CPU.ActiveCfg = Release|Any CPU
		{7D53F656-9290-4A5A-BC5D-3822987BAC70}.Release|Any CPU.Build.0 = Release|Any CPU
	EndGlobalSection
	GlobalSection(SolutionProperties) = preSolution
		HideSolutionNode = FALSE
	EndGlobalSection
	GlobalSection(ExtensibilityGlobals) = postSolution
		SolutionGuid = {C9E6DF3E-EA59-455A-9B13-CB57704D593E}
	EndGlobalSection
EndGlobal
